// !$*UTF8*$!
{
	archiveVersion = 1;
	classes = {
	};
	objectVersion = 46;
	objects = {

/* Begin PBXBuildFile section */
		18C464BA1FD96151005CB8ED /* B_Add_Trees.cpp in Sources */ = {isa = PBXBuildFile; fileRef = 18C464B71FD96151005CB8ED /* B_Add_Trees.cpp */; };
		18C464BB1FD96151005CB8ED /* Main.cpp in Sources */ = {isa = PBXBuildFile; fileRef = 18C464B91FD96151005CB8ED /* Main.cpp */; };
/* End PBXBuildFile section */

/* Begin PBXCopyFilesBuildPhase section */
		18C464AA1FD96140005CB8ED /* CopyFiles */ = {
			isa = PBXCopyFilesBuildPhase;
			buildActionMask = 2147483647;
			dstPath = /usr/share/man/man1/;
			dstSubfolderSpec = 0;
			files = (
			);
			runOnlyForDeploymentPostprocessing = 1;
		};
/* End PBXCopyFilesBuildPhase section */

/* Begin PBXFileReference section */
		18C464AC1FD96140005CB8ED /* B+Tree */ = {isa = PBXFileReference; explicitFileType = "compiled.mach-o.executable"; includeInIndex = 0; path = "B+Tree"; sourceTree = BUILT_PRODUCTS_DIR; };
		18C464B61FD96151005CB8ED /* B_Add_Trees_Resource.h */ = {isa = PBXFileReference; fileEncoding = 4; lastKnownFileType = sourcecode.c.h; name = B_Add_Trees_Resource.h; path = "../../../../../Downloads/B+Tree/B_Add_Trees_Resource.h"; sourceTree = "<group>"; };
		18C464B71FD96151005CB8ED /* B_Add_Trees.cpp */ = {isa = PBXFileReference; fileEncoding = 4; lastKnownFileType = sourcecode.cpp.cpp; name = B_Add_Trees.cpp; path = "../../../../../Downloads/B+Tree/B_Add_Trees.cpp"; sourceTree = "<group>"; };
		18C464B81FD96151005CB8ED /* B_Add_Trees.h */ = {isa = PBXFileReference; fileEncoding = 4; lastKnownFileType = sourcecode.c.h; name = B_Add_Trees.h; path = "../../../../../Downloads/B+Tree/B_Add_Trees.h"; sourceTree = "<group>"; };
		18C464B91FD96151005CB8ED /* Main.cpp */ = {isa = PBXFileReference; fileEncoding = 4; lastKnownFileType = sourcecode.cpp.cpp; name = Main.cpp; path = "../../../../../Downloads/B+Tree/Main.cpp"; sourceTree = "<group>"; };
/* End PBXFileReference section */

/* Begin PBXFrameworksBuildPhase section */
		18C464A91FD96140005CB8ED /* Frameworks */ = {
			isa = PBXFrameworksBuildPhase;
			buildActionMask = 2147483647;
			files = (
			);
			runOnlyForDeploymentPostprocessing = 0;
		};
/* End PBXFrameworksBuildPhase section */

/* Begin PBXGroup section */
		18C464A31FD96140005CB8ED = {
			isa = PBXGroup;
			children = (
				18C464AE1FD96140005CB8ED /* B+Tree */,
				18C464AD1FD96140005CB8ED /* Products */,
			);
			sourceTree = "<group>";
		};
		18C464AD1FD96140005CB8ED /* Products */ = {
			isa = PBXGroup;
			children = (
				18C464AC1FD96140005CB8ED /* B+Tree */,
			);
			name = Products;
			sourceTree = "<group>";
		};
		18C464AE1FD96140005CB8ED /* B+Tree */ = {
			isa = PBXGroup;
			children = (
				18C464B61FD96151005CB8ED /* B_Add_Trees_Resource.h */,
				18C464B71FD96151005CB8ED /* B_Add_Trees.cpp */,
				18C464B81FD96151005CB8ED /* B_Add_Trees.h */,
				18C464B91FD96151005CB8ED /* Main.cpp */,
			);
			path = "B+Tree";
			sourceTree = "<group>";
		};
/* End PBXGroup section */

/* Begin PBXNativeTarget section */
		18C464AB1FD96140005CB8ED /* B+Tree */ = {
			isa = PBXNativeTarget;
			buildConfigurationList = 18C464B31FD96140005CB8ED /* Build configuration list for PBXNativeTarget "B+Tree" */;
			buildPhases = (
				18C464A81FD96140005CB8ED /* Sources */,
				18C464A91FD96140005CB8ED /* Frameworks */,
				18C464AA1FD96140005CB8ED /* CopyFiles */,
			);
			buildRules = (
			);
			dependencies = (
			);
			name = "B+Tree";
			productName = "B+Tree";
			productReference = 18C464AC1FD96140005CB8ED /* B+Tree */;
			productType = "com.apple.product-type.tool";
		};
/* End PBXNativeTarget section */

/* Begin PBXProject section */
		18C464A41FD96140005CB8ED /* Project object */ = {
			isa = PBXProject;
			attributes = {
				LastUpgradeCheck = 0810;
				ORGANIZATIONNAME = apple;
				TargetAttributes = {
					18C464AB1FD96140005CB8ED = {
						CreatedOnToolsVersion = 8.1;
						ProvisioningStyle = Automatic;
					};
				};
			};
			buildConfigurationList = 18C464A71FD96140005CB8ED /* Build configuration list for PBXProject "B+Tree" */;
			compatibilityVersion = "Xcode 3.2";
			developmentRegion = English;
			hasScannedForEncodings = 0;
			knownRegions = (
				en,
			);
			mainGroup = 18C464A31FD96140005CB8ED;
			productRefGroup = 18C464AD1FD96140005CB8ED /* Products */;
			projectDirPath = "";
			projectRoot = "";
			targets = (
				18C464AB1FD96140005CB8ED /* B+Tree */,
			);
		};
/* End PBXProject section */

/* Begin PBXSourcesBuildPhase section */
		18C464A81FD96140005CB8ED /* Sources */ = {
			isa = PBXSourcesBuildPhase;
			buildActionMask = 2147483647;
			files = (
				18C464BB1FD96151005CB8ED /* Main.cpp in Sources */,
				18C464BA1FD96151005CB8ED /* B_Add_Trees.cpp in Sources */,
			);
			runOnlyForDeploymentPostprocessing = 0;
		};
/* End PBXSourcesBuildPhase section */

/* Begin XCBuildConfiguration section */
		18C464B11FD96140005CB8ED /* Debug */ = {
			isa = XCBuildConfiguration;
			buildSettings = {
				ALWAYS_SEARCH_USER_PATHS = NO;
				CLANG_ANALYZER_NONNULL = YES;
				CLANG_CXX_LANGUAGE_STANDARD = "gnu++0x";
				CLANG_CXX_LIBRARY = "libc++";
				CLANG_ENABLE_MODULES = YES;
				CLANG_ENABLE_OBJC_ARC = YES;
				CLANG_WARN_BOOL_CONVERSION = YES;
				CLANG_WARN_CONSTANT_CONVERSION = YES;
				CLANG_WARN_DIRECT_OBJC_ISA_USAGE = YES_ERROR;
				CLANG_WARN_DOCUMENTATION_COMMENTS = YES;
				CLANG_WARN_EMPTY_BODY = YES;
				CLANG_WARN_ENUM_CONVERSION = YES;
				CLANG_WARN_INFINITE_RECURSION = YES;
				CLANG_WARN_INT_CONVERSION = YES;
				CLANG_WARN_OBJC_ROOT_CLASS = YES_ERROR;
				CLANG_WARN_SUSPICIOUS_MOVES = YES;
				CLANG_WARN_UNREACHABLE_CODE = YES;
				CLANG_WARN__DUPLICATE_METHOD_MATCH = YES;
				CODE_SIGN_IDENTITY = "-";
				COPY_PHASE_STRIP = NO;
				DEBUG_INFORMATION_FORMAT = dwarf;
				ENABLE_STRICT_OBJC_MSGSEND = YES;
				ENABLE_TESTABILITY = YES;
				GCC_C_LANGUAGE_STANDARD = gnu99;
				GCC_DYNAMIC_NO_PIC = NO;
				GCC_NO_COMMON_BLOCKS = YES;
				GCC_OPTIMIZATION_LEVEL = 0;
				GCC_PREPROCESSOR_DEFINITIONS = (
					"DEBUG=1",
					"$(inherited)",
				);
				GCC_WARN_64_TO_32_BIT_CONVERSION = YES;
				GCC_WARN_ABOUT_RETURN_TYPE = YES_ERROR;
				GCC_WARN_UNDECLARED_SELECTOR = YES;
				GCC_WARN_UNINITIALIZED_AUTOS = YES_AGGRESSIVE;
				GCC_WARN_UNUSED_FUNCTION = YES;
				GCC_WARN_UNUSED_VARIABLE = YES;
				MACOSX_DEPLOYMENT_TARGET = 10.12;
				MTL_ENABLE_DEBUG_INFO = YES;
				ONLY_ACTIVE_ARCH = YES;
				SDKROOT = macosx;
			};
			name = Debug;
		};
		18C464B21FD96140005CB8ED /* Release */ = {
			isa = XCBuildConfiguration;
			buildSettings = {
				ALWAYS_SEARCH_USER_PATHS = NO;
				CLANG_ANALYZER_NONNULL = YES;
				CLANG_CXX_LANGUAGE_STANDARD = "gnu++0x";
				CLANG_CXX_LIBRARY = "libc++";
				CLANG_ENABLE_MODULES = YES;
				CLANG_ENABLE_OBJC_ARC = YES;
				CLANG_WARN_BOOL_CONVERSION = YES;
				CLANG_WARN_CONSTANT_CONVERSION = YES;
				CLANG_WARN_DIRECT_OBJC_ISA_USAGE = YES_ERROR;
				CLANG_WARN_DOCUMENTATION_COMMENTS = YES;
				CLANG_WARN_EMPTY_BODY = YES;
				CLANG_WARN_ENUM_CONVERSION = YES;
				CLANG_WARN_INFINITE_RECURSION = YES;
				CLANG_WARN_INT_CONVERSION = YES;
				CLANG_WARN_OBJC_ROOT_CLASS = YES_ERROR;
				CLANG_WARN_SUSPICIOUS_MOVES = YES;
				CLANG_WARN_UNREACHABLE_CODE = YES;
				CLANG_WARN__DUPLICATE_METHOD_MATCH = YES;
				CODE_SIGN_IDENTITY = "-";
				COPY_PHASE_STRIP = NO;
				DEBUG_INFORMATION_FORMAT = "dwarf-with-dsym";
				ENABLE_NS_ASSERTIONS = NO;
				ENABLE_STRICT_OBJC_MSGSEND = YES;
				GCC_C_LANGUAGE_STANDARD = gnu99;
				GCC_NO_COMMON_BLOCKS = YES;
				GCC_WARN_64_TO_32_BIT_CONVERSION = YES;
				GCC_WARN_ABOUT_RETURN_TYPE = YES_ERROR;
				GCC_WARN_UNDECLARED_SELECTOR = YES;
				GCC_WARN_UNINITIALIZED_AUTOS = YES_AGGRESSIVE;
				GCC_WARN_UNUSED_FUNCTION = YES;
				GCC_WARN_UNUSED_VARIABLE = YES;
				MACOSX_DEPLOYMENT_TARGET = 10.12;
				MTL_ENABLE_DEBUG_INFO = NO;
				SDKROOT = macosx;
			};
			name = Release;
		};
		18C464B41FD96140005CB8ED /* Debug */ = {
			isa = XCBuildConfiguration;
			buildSettings = {
				PRODUCT_NAME = "$(TARGET_NAME)";
			};
			name = Debug;
		};
		18C464B51FD96140005CB8ED /* Release */ = {
			isa = XCBuildConfiguration;
			buildSettings = {
				PRODUCT_NAME = "$(TARGET_NAME)";
			};
			name = Release;
		};
/* End XCBuildConfiguration section */

/* Begin XCConfigurationList section */
		18C464A71FD96140005CB8ED /* Build configuration list for PBXProject "B+Tree" */ = {
			isa = XCConfigurationList;
			buildConfigurations = (
				18C464B11FD96140005CB8ED /* Debug */,
				18C464B21FD96140005CB8ED /* Release */,
			);
			defaultConfigurationIsVisible = 0;
			defaultConfigurationName = Release;
		};
		18C464B31FD96140005CB8ED /* Build configuration list for PBXNativeTarget "B+Tree" */ = {
			isa = XCConfigurationList;
			buildConfigurations = (
				18C464B41FD96140005CB8ED /* Debug */,
				18C464B51FD96140005CB8ED /* Release */,
			);
			defaultConfigurationIsVisible = 0;
		};
/* End XCConfigurationList section */
	};
	rootObject = 18C464A41FD96140005CB8ED /* Project object */;
}
