// !$*UTF8*$!
{
	archiveVersion = 1;
	classes = {
	};
	objectVersion = 46;
	objects = {

/* Begin PBXBuildFile section */
		181FF97A1FF4C9E0005C73D6 /* BPlusTree.cpp in Sources */ = {isa = PBXBuildFile; fileRef = 181FF96A1FF4C9E0005C73D6 /* BPlusTree.cpp */; };
		181FF97B1FF4C9E0005C73D6 /* Exceptions.cpp in Sources */ = {isa = PBXBuildFile; fileRef = 181FF96D1FF4C9E0005C73D6 /* Exceptions.cpp */; };
		181FF97C1FF4C9E0005C73D6 /* InternalNode.cpp in Sources */ = {isa = PBXBuildFile; fileRef = 181FF96F1FF4C9E0005C73D6 /* InternalNode.cpp */; };
		181FF97D1FF4C9E0005C73D6 /* LeafNode.cpp in Sources */ = {isa = PBXBuildFile; fileRef = 181FF9711FF4C9E0005C73D6 /* LeafNode.cpp */; };
		181FF97E1FF4C9E0005C73D6 /* main.cpp in Sources */ = {isa = PBXBuildFile; fileRef = 181FF9731FF4C9E0005C73D6 /* main.cpp */; };
		181FF97F1FF4C9E0005C73D6 /* Node.cpp in Sources */ = {isa = PBXBuildFile; fileRef = 181FF9741FF4C9E0005C73D6 /* Node.cpp */; };
		181FF9801FF4C9E0005C73D6 /* Printer.cpp in Sources */ = {isa = PBXBuildFile; fileRef = 181FF9761FF4C9E0005C73D6 /* Printer.cpp */; };
		181FF9811FF4C9E0005C73D6 /* Record.cpp in Sources */ = {isa = PBXBuildFile; fileRef = 181FF9781FF4C9E0005C73D6 /* Record.cpp */; };
/* End PBXBuildFile section */

/* Begin PBXCopyFilesBuildPhase section */
		181FF95E1FF4C9C6005C73D6 /* CopyFiles */ = {
			isa = PBXCopyFilesBuildPhase;
			buildActionMask = 2147483647;
			dstPath = /usr/share/man/man1/;
			dstSubfolderSpec = 0;
			files = (
			);
			runOnlyForDeploymentPostprocessing = 1;
		};
/* End PBXCopyFilesBuildPhase section */

/* Begin PBXFileReference section */
		181FF9601FF4C9C6005C73D6 /* bptree */ = {isa = PBXFileReference; explicitFileType = "compiled.mach-o.executable"; includeInIndex = 0; path = bptree; sourceTree = BUILT_PRODUCTS_DIR; };
		181FF96A1FF4C9E0005C73D6 /* BPlusTree.cpp */ = {isa = PBXFileReference; fileEncoding = 4; lastKnownFileType = sourcecode.cpp.cpp; name = BPlusTree.cpp; path = ../../bptcpp/BPlusTree.cpp; sourceTree = "<group>"; };
		181FF96B1FF4C9E0005C73D6 /* BPlusTree.hpp */ = {isa = PBXFileReference; fileEncoding = 4; lastKnownFileType = sourcecode.cpp.h; name = BPlusTree.hpp; path = ../../bptcpp/BPlusTree.hpp; sourceTree = "<group>"; };
		181FF96C1FF4C9E0005C73D6 /* Definitions.hpp */ = {isa = PBXFileReference; fileEncoding = 4; lastKnownFileType = sourcecode.cpp.h; name = Definitions.hpp; path = ../../bptcpp/Definitions.hpp; sourceTree = "<group>"; };
		181FF96D1FF4C9E0005C73D6 /* Exceptions.cpp */ = {isa = PBXFileReference; fileEncoding = 4; lastKnownFileType = sourcecode.cpp.cpp; name = Exceptions.cpp; path = ../../bptcpp/Exceptions.cpp; sourceTree = "<group>"; };
		181FF96E1FF4C9E0005C73D6 /* Exceptions.hpp */ = {isa = PBXFileReference; fileEncoding = 4; lastKnownFileType = sourcecode.cpp.h; name = Exceptions.hpp; path = ../../bptcpp/Exceptions.hpp; sourceTree = "<group>"; };
		181FF96F1FF4C9E0005C73D6 /* InternalNode.cpp */ = {isa = PBXFileReference; fileEncoding = 4; lastKnownFileType = sourcecode.cpp.cpp; name = InternalNode.cpp; path = ../../bptcpp/InternalNode.cpp; sourceTree = "<group>"; };
		181FF9701FF4C9E0005C73D6 /* InternalNode.hpp */ = {isa = PBXFileReference; fileEncoding = 4; lastKnownFileType = sourcecode.cpp.h; name = InternalNode.hpp; path = ../../bptcpp/InternalNode.hpp; sourceTree = "<group>"; };
		181FF9711FF4C9E0005C73D6 /* LeafNode.cpp */ = {isa = PBXFileReference; fileEncoding = 4; lastKnownFileType = sourcecode.cpp.cpp; name = LeafNode.cpp; path = ../../bptcpp/LeafNode.cpp; sourceTree = "<group>"; };
		181FF9721FF4C9E0005C73D6 /* LeafNode.hpp */ = {isa = PBXFileReference; fileEncoding = 4; lastKnownFileType = sourcecode.cpp.h; name = LeafNode.hpp; path = ../../bptcpp/LeafNode.hpp; sourceTree = "<group>"; };
		181FF9731FF4C9E0005C73D6 /* main.cpp */ = {isa = PBXFileReference; fileEncoding = 4; lastKnownFileType = sourcecode.cpp.cpp; name = main.cpp; path = ../../bptcpp/main.cpp; sourceTree = "<group>"; };
		181FF9741FF4C9E0005C73D6 /* Node.cpp */ = {isa = PBXFileReference; fileEncoding = 4; lastKnownFileType = sourcecode.cpp.cpp; name = Node.cpp; path = ../../bptcpp/Node.cpp; sourceTree = "<group>"; };
		181FF9751FF4C9E0005C73D6 /* Node.hpp */ = {isa = PBXFileReference; fileEncoding = 4; lastKnownFileType = sourcecode.cpp.h; name = Node.hpp; path = ../../bptcpp/Node.hpp; sourceTree = "<group>"; };
		181FF9761FF4C9E0005C73D6 /* Printer.cpp */ = {isa = PBXFileReference; fileEncoding = 4; lastKnownFileType = sourcecode.cpp.cpp; name = Printer.cpp; path = ../../bptcpp/Printer.cpp; sourceTree = "<group>"; };
		181FF9771FF4C9E0005C73D6 /* Printer.hpp */ = {isa = PBXFileReference; fileEncoding = 4; lastKnownFileType = sourcecode.cpp.h; name = Printer.hpp; path = ../../bptcpp/Printer.hpp; sourceTree = "<group>"; };
		181FF9781FF4C9E0005C73D6 /* Record.cpp */ = {isa = PBXFileReference; fileEncoding = 4; lastKnownFileType = sourcecode.cpp.cpp; name = Record.cpp; path = ../../bptcpp/Record.cpp; sourceTree = "<group>"; };
		181FF9791FF4C9E0005C73D6 /* Record.hpp */ = {isa = PBXFileReference; fileEncoding = 4; lastKnownFileType = sourcecode.cpp.h; name = Record.hpp; path = ../../bptcpp/Record.hpp; sourceTree = "<group>"; };
/* End PBXFileReference section */

/* Begin PBXFrameworksBuildPhase section */
		181FF95D1FF4C9C6005C73D6 /* Frameworks */ = {
			isa = PBXFrameworksBuildPhase;
			buildActionMask = 2147483647;
			files = (
			);
			runOnlyForDeploymentPostprocessing = 0;
		};
/* End PBXFrameworksBuildPhase section */

/* Begin PBXGroup section */
		181FF9571FF4C9C6005C73D6 = {
			isa = PBXGroup;
			children = (
				181FF9621FF4C9C6005C73D6 /* bptree */,
				181FF9611FF4C9C6005C73D6 /* Products */,
			);
			sourceTree = "<group>";
		};
		181FF9611FF4C9C6005C73D6 /* Products */ = {
			isa = PBXGroup;
			children = (
				181FF9601FF4C9C6005C73D6 /* bptree */,
			);
			name = Products;
			sourceTree = "<group>";
		};
		181FF9621FF4C9C6005C73D6 /* bptree */ = {
			isa = PBXGroup;
			children = (
				181FF96A1FF4C9E0005C73D6 /* BPlusTree.cpp */,
				181FF96B1FF4C9E0005C73D6 /* BPlusTree.hpp */,
				181FF96C1FF4C9E0005C73D6 /* Definitions.hpp */,
				181FF96D1FF4C9E0005C73D6 /* Exceptions.cpp */,
				181FF96E1FF4C9E0005C73D6 /* Exceptions.hpp */,
				181FF96F1FF4C9E0005C73D6 /* InternalNode.cpp */,
				181FF9701FF4C9E0005C73D6 /* InternalNode.hpp */,
				181FF9711FF4C9E0005C73D6 /* LeafNode.cpp */,
				181FF9721FF4C9E0005C73D6 /* LeafNode.hpp */,
				181FF9731FF4C9E0005C73D6 /* main.cpp */,
				181FF9741FF4C9E0005C73D6 /* Node.cpp */,
				181FF9751FF4C9E0005C73D6 /* Node.hpp */,
				181FF9761FF4C9E0005C73D6 /* Printer.cpp */,
				181FF9771FF4C9E0005C73D6 /* Printer.hpp */,
				181FF9781FF4C9E0005C73D6 /* Record.cpp */,
				181FF9791FF4C9E0005C73D6 /* Record.hpp */,
			);
			path = bptree;
			sourceTree = "<group>";
		};
/* End PBXGroup section */

/* Begin PBXNativeTarget section */
		181FF95F1FF4C9C6005C73D6 /* bptree */ = {
			isa = PBXNativeTarget;
			buildConfigurationList = 181FF9671FF4C9C6005C73D6 /* Build configuration list for PBXNativeTarget "bptree" */;
			buildPhases = (
				181FF95C1FF4C9C6005C73D6 /* Sources */,
				181FF95D1FF4C9C6005C73D6 /* Frameworks */,
				181FF95E1FF4C9C6005C73D6 /* CopyFiles */,
			);
			buildRules = (
			);
			dependencies = (
			);
			name = bptree;
			productName = bptree;
			productReference = 181FF9601FF4C9C6005C73D6 /* bptree */;
			productType = "com.apple.product-type.tool";
		};
/* End PBXNativeTarget section */

/* Begin PBXProject section */
		181FF9581FF4C9C6005C73D6 /* Project object */ = {
			isa = PBXProject;
			attributes = {
				LastUpgradeCheck = 0810;
				ORGANIZATIONNAME = apple;
				TargetAttributes = {
					181FF95F1FF4C9C6005C73D6 = {
						CreatedOnToolsVersion = 8.1;
						ProvisioningStyle = Automatic;
					};
				};
			};
			buildConfigurationList = 181FF95B1FF4C9C6005C73D6 /* Build configuration list for PBXProject "bptree" */;
			compatibilityVersion = "Xcode 3.2";
			developmentRegion = English;
			hasScannedForEncodings = 0;
			knownRegions = (
				en,
			);
			mainGroup = 181FF9571FF4C9C6005C73D6;
			productRefGroup = 181FF9611FF4C9C6005C73D6 /* Products */;
			projectDirPath = "";
			projectRoot = "";
			targets = (
				181FF95F1FF4C9C6005C73D6 /* bptree */,
			);
		};
/* End PBXProject section */

/* Begin PBXSourcesBuildPhase section */
		181FF95C1FF4C9C6005C73D6 /* Sources */ = {
			isa = PBXSourcesBuildPhase;
			buildActionMask = 2147483647;
			files = (
				181FF9801FF4C9E0005C73D6 /* Printer.cpp in Sources */,
				181FF9811FF4C9E0005C73D6 /* Record.cpp in Sources */,
				181FF97D1FF4C9E0005C73D6 /* LeafNode.cpp in Sources */,
				181FF97F1FF4C9E0005C73D6 /* Node.cpp in Sources */,
				181FF97C1FF4C9E0005C73D6 /* InternalNode.cpp in Sources */,
				181FF97E1FF4C9E0005C73D6 /* main.cpp in Sources */,
				181FF97A1FF4C9E0005C73D6 /* BPlusTree.cpp in Sources */,
				181FF97B1FF4C9E0005C73D6 /* Exceptions.cpp in Sources */,
			);
			runOnlyForDeploymentPostprocessing = 0;
		};
/* End PBXSourcesBuildPhase section */

/* Begin XCBuildConfiguration section */
		181FF9651FF4C9C6005C73D6 /* Debug */ = {
			isa = XCBuildConfiguration;
			buildSettings = {
				ALWAYS_SEARCH_USER_PATHS = NO;
				CLANG_ANALYZER_NONNULL = YES;
				CLANG_CXX_LANGUAGE_STANDARD = "gnu++0x";
				CLANG_CXX_LIBRARY = "libc++";
				CLANG_ENABLE_MODULES = YES;
				CLANG_ENABLE_OBJC_ARC = YES;
				CLANG_WARN_BOOL_CONVERSION = YES;
				CLANG_WARN_CONSTANT_CONVERSION = YES;
				CLANG_WARN_DIRECT_OBJC_ISA_USAGE = YES_ERROR;
				CLANG_WARN_DOCUMENTATION_COMMENTS = YES;
				CLANG_WARN_EMPTY_BODY = YES;
				CLANG_WARN_ENUM_CONVERSION = YES;
				CLANG_WARN_INFINITE_RECURSION = YES;
				CLANG_WARN_INT_CONVERSION = YES;
				CLANG_WARN_OBJC_ROOT_CLASS = YES_ERROR;
				CLANG_WARN_SUSPICIOUS_MOVES = YES;
				CLANG_WARN_UNREACHABLE_CODE = YES;
				CLANG_WARN__DUPLICATE_METHOD_MATCH = YES;
				CODE_SIGN_IDENTITY = "-";
				COPY_PHASE_STRIP = NO;
				DEBUG_INFORMATION_FORMAT = dwarf;
				ENABLE_STRICT_OBJC_MSGSEND = YES;
				ENABLE_TESTABILITY = YES;
				GCC_C_LANGUAGE_STANDARD = gnu99;
				GCC_DYNAMIC_NO_PIC = NO;
				GCC_NO_COMMON_BLOCKS = YES;
				GCC_OPTIMIZATION_LEVEL = 0;
				GCC_PREPROCESSOR_DEFINITIONS = (
					"DEBUG=1",
					"$(inherited)",
				);
				GCC_WARN_64_TO_32_BIT_CONVERSION = YES;
				GCC_WARN_ABOUT_RETURN_TYPE = YES_ERROR;
				GCC_WARN_UNDECLARED_SELECTOR = YES;
				GCC_WARN_UNINITIALIZED_AUTOS = YES_AGGRESSIVE;
				GCC_WARN_UNUSED_FUNCTION = YES;
				GCC_WARN_UNUSED_VARIABLE = YES;
				MACOSX_DEPLOYMENT_TARGET = 10.12;
				MTL_ENABLE_DEBUG_INFO = YES;
				ONLY_ACTIVE_ARCH = YES;
				SDKROOT = macosx;
			};
			name = Debug;
		};
		181FF9661FF4C9C6005C73D6 /* Release */ = {
			isa = XCBuildConfiguration;
			buildSettings = {
				ALWAYS_SEARCH_USER_PATHS = NO;
				CLANG_ANALYZER_NONNULL = YES;
				CLANG_CXX_LANGUAGE_STANDARD = "gnu++0x";
				CLANG_CXX_LIBRARY = "libc++";
				CLANG_ENABLE_MODULES = YES;
				CLANG_ENABLE_OBJC_ARC = YES;
				CLANG_WARN_BOOL_CONVERSION = YES;
				CLANG_WARN_CONSTANT_CONVERSION = YES;
				CLANG_WARN_DIRECT_OBJC_ISA_USAGE = YES_ERROR;
				CLANG_WARN_DOCUMENTATION_COMMENTS = YES;
				CLANG_WARN_EMPTY_BODY = YES;
				CLANG_WARN_ENUM_CONVERSION = YES;
				CLANG_WARN_INFINITE_RECURSION = YES;
				CLANG_WARN_INT_CONVERSION = YES;
				CLANG_WARN_OBJC_ROOT_CLASS = YES_ERROR;
				CLANG_WARN_SUSPICIOUS_MOVES = YES;
				CLANG_WARN_UNREACHABLE_CODE = YES;
				CLANG_WARN__DUPLICATE_METHOD_MATCH = YES;
				CODE_SIGN_IDENTITY = "-";
				COPY_PHASE_STRIP = NO;
				DEBUG_INFORMATION_FORMAT = "dwarf-with-dsym";
				ENABLE_NS_ASSERTIONS = NO;
				ENABLE_STRICT_OBJC_MSGSEND = YES;
				GCC_C_LANGUAGE_STANDARD = gnu99;
				GCC_NO_COMMON_BLOCKS = YES;
				GCC_WARN_64_TO_32_BIT_CONVERSION = YES;
				GCC_WARN_ABOUT_RETURN_TYPE = YES_ERROR;
				GCC_WARN_UNDECLARED_SELECTOR = YES;
				GCC_WARN_UNINITIALIZED_AUTOS = YES_AGGRESSIVE;
				GCC_WARN_UNUSED_FUNCTION = YES;
				GCC_WARN_UNUSED_VARIABLE = YES;
				MACOSX_DEPLOYMENT_TARGET = 10.12;
				MTL_ENABLE_DEBUG_INFO = NO;
				SDKROOT = macosx;
			};
			name = Release;
		};
		181FF9681FF4C9C6005C73D6 /* Debug */ = {
			isa = XCBuildConfiguration;
			buildSettings = {
				PRODUCT_NAME = "$(TARGET_NAME)";
			};
			name = Debug;
		};
		181FF9691FF4C9C6005C73D6 /* Release */ = {
			isa = XCBuildConfiguration;
			buildSettings = {
				PRODUCT_NAME = "$(TARGET_NAME)";
			};
			name = Release;
		};
/* End XCBuildConfiguration section */

/* Begin XCConfigurationList section */
		181FF95B1FF4C9C6005C73D6 /* Build configuration list for PBXProject "bptree" */ = {
			isa = XCConfigurationList;
			buildConfigurations = (
				181FF9651FF4C9C6005C73D6 /* Debug */,
				181FF9661FF4C9C6005C73D6 /* Release */,
			);
			defaultConfigurationIsVisible = 0;
			defaultConfigurationName = Release;
		};
		181FF9671FF4C9C6005C73D6 /* Build configuration list for PBXNativeTarget "bptree" */ = {
			isa = XCConfigurationList;
			buildConfigurations = (
				181FF9681FF4C9C6005C73D6 /* Debug */,
				181FF9691FF4C9C6005C73D6 /* Release */,
			);
			defaultConfigurationIsVisible = 0;
		};
/* End XCConfigurationList section */
	};
	rootObject = 181FF9581FF4C9C6005C73D6 /* Project object */;
}
